// !$*UTF8*$!
{
	archiveVersion = 1;
	classes = {
	};
	objectVersion = 48;
	objects = {

/* Begin PBXBuildFile section */
		309413CA1FACF73F00259792 /* AppDelegate.swift in Sources */ = {isa = PBXBuildFile; fileRef = 309413C91FACF73F00259792 /* AppDelegate.swift */; };
		309413CC1FACF73F00259792 /* ViewController.swift in Sources */ = {isa = PBXBuildFile; fileRef = 309413CB1FACF73F00259792 /* ViewController.swift */; };
		309413CF1FACF73F00259792 /* Main.storyboard in Resources */ = {isa = PBXBuildFile; fileRef = 309413CD1FACF73F00259792 /* Main.storyboard */; };
		309413D11FACF73F00259792 /* Assets.xcassets in Resources */ = {isa = PBXBuildFile; fileRef = 309413D01FACF73F00259792 /* Assets.xcassets */; };
		309413D41FACF73F00259792 /* LaunchScreen.storyboard in Resources */ = {isa = PBXBuildFile; fileRef = 309413D21FACF73F00259792 /* LaunchScreen.storyboard */; };
		309413DF1FACF73F00259792 /* AccountKitSampleTests.swift in Sources */ = {isa = PBXBuildFile; fileRef = 309413DE1FACF73F00259792 /* AccountKitSampleTests.swift */; };
		309413EA1FACF73F00259792 /* AccountKitSampleUITests.swift in Sources */ = {isa = PBXBuildFile; fileRef = 309413E91FACF73F00259792 /* AccountKitSampleUITests.swift */; };
		309413F91FAD02F000259792 /* AccountKit.framework in Frameworks */ = {isa = PBXBuildFile; fileRef = 309413F81FAD02F000259792 /* AccountKit.framework */; };
		309413FB1FAD030700259792 /* AccountKitStrings.bundle in Resources */ = {isa = PBXBuildFile; fileRef = 309413FA1FAD030700259792 /* AccountKitStrings.bundle */; };
/* End PBXBuildFile section */

/* Begin PBXContainerItemProxy section */
		309413DB1FACF73F00259792 /* PBXContainerItemProxy */ = {
			isa = PBXContainerItemProxy;
			containerPortal = 309413BE1FACF73F00259792 /* Project object */;
			proxyType = 1;
			remoteGlobalIDString = 309413C51FACF73F00259792;
			remoteInfo = AccountKitSample;
		};
		309413E61FACF73F00259792 /* PBXContainerItemProxy */ = {
			isa = PBXContainerItemProxy;
			containerPortal = 309413BE1FACF73F00259792 /* Project object */;
			proxyType = 1;
			remoteGlobalIDString = 309413C51FACF73F00259792;
			remoteInfo = AccountKitSample;
		};
/* End PBXContainerItemProxy section */

/* Begin PBXFileReference section */
		309413C61FACF73F00259792 /* AccountKitSample.app */ = {isa = PBXFileReference; explicitFileType = wrapper.application; includeInIndex = 0; path = AccountKitSample.app; sourceTree = BUILT_PRODUCTS_DIR; };
		309413C91FACF73F00259792 /* AppDelegate.swift */ = {isa = PBXFileReference; lastKnownFileType = sourcecode.swift; path = AppDelegate.swift; sourceTree = "<group>"; };
		309413CB1FACF73F00259792 /* ViewController.swift */ = {isa = PBXFileReference; lastKnownFileType = sourcecode.swift; path = ViewController.swift; sourceTree = "<group>"; };
		309413CE1FACF73F00259792 /* Base */ = {isa = PBXFileReference; lastKnownFileType = file.storyboard; name = Base; path = Base.lproj/Main.storyboard; sourceTree = "<group>"; };
		309413D01FACF73F00259792 /* Assets.xcassets */ = {isa = PBXFileReference; lastKnownFileType = folder.assetcatalog; path = Assets.xcassets; sourceTree = "<group>"; };
		309413D31FACF73F00259792 /* Base */ = {isa = PBXFileReference; lastKnownFileType = file.storyboard; name = Base; path = Base.lproj/LaunchScreen.storyboard; sourceTree = "<group>"; };
		309413D51FACF73F00259792 /* Info.plist */ = {isa = PBXFileReference; lastKnownFileType = text.plist.xml; path = Info.plist; sourceTree = "<group>"; };
		309413DA1FACF73F00259792 /* AccountKitSampleTests.xctest */ = {isa = PBXFileReference; explicitFileType = wrapper.cfbundle; includeInIndex = 0; path = AccountKitSampleTests.xctest; sourceTree = BUILT_PRODUCTS_DIR; };
		309413DE1FACF73F00259792 /* AccountKitSampleTests.swift */ = {isa = PBXFileReference; lastKnownFileType = sourcecode.swift; path = AccountKitSampleTests.swift; sourceTree = "<group>"; };
		309413E01FACF73F00259792 /* Info.plist */ = {isa = PBXFileReference; lastKnownFileType = text.plist.xml; path = Info.plist; sourceTree = "<group>"; };
		309413E51FACF73F00259792 /* AccountKitSampleUITests.xctest */ = {isa = PBXFileReference; explicitFileType = wrapper.cfbundle; includeInIndex = 0; path = AccountKitSampleUITests.xctest; sourceTree = BUILT_PRODUCTS_DIR; };
		309413E91FACF73F00259792 /* AccountKitSampleUITests.swift */ = {isa = PBXFileReference; lastKnownFileType = sourcecode.swift; path = AccountKitSampleUITests.swift; sourceTree = "<group>"; };
		309413EB1FACF73F00259792 /* Info.plist */ = {isa = PBXFileReference; lastKnownFileType = text.plist.xml; path = Info.plist; sourceTree = "<group>"; };
		309413F81FAD02F000259792 /* AccountKit.framework */ = {isa = PBXFileReference; lastKnownFileType = wrapper.framework; path = AccountKit.framework; sourceTree = "<group>"; };
		309413FA1FAD030700259792 /* AccountKitStrings.bundle */ = {isa = PBXFileReference; lastKnownFileType = "wrapper.plug-in"; path = AccountKitStrings.bundle; sourceTree = "<group>"; };
/* End PBXFileReference section */

/* Begin PBXFrameworksBuildPhase section */
		309413C31FACF73F00259792 /* Frameworks */ = {
			isa = PBXFrameworksBuildPhase;
			buildActionMask = 2147483647;
			files = (
				309413F91FAD02F000259792 /* AccountKit.framework in Frameworks */,
			);
			runOnlyForDeploymentPostprocessing = 0;
		};
		309413D71FACF73F00259792 /* Frameworks */ = {
			isa = PBXFrameworksBuildPhase;
			buildActionMask = 2147483647;
			files = (
			);
			runOnlyForDeploymentPostprocessing = 0;
		};
		309413E21FACF73F00259792 /* Frameworks */ = {
			isa = PBXFrameworksBuildPhase;
			buildActionMask = 2147483647;
			files = (
			);
			runOnlyForDeploymentPostprocessing = 0;
		};
/* End PBXFrameworksBuildPhase section */

/* Begin PBXGroup section */
		309413BD1FACF73F00259792 = {
			isa = PBXGroup;
			children = (
				309413C81FACF73F00259792 /* AccountKitSample */,
				309413DD1FACF73F00259792 /* AccountKitSampleTests */,
				309413E81FACF73F00259792 /* AccountKitSampleUITests */,
				309413C71FACF73F00259792 /* Products */,
				309413F71FAD01D500259792 /* Frameworks */,
			);
			sourceTree = "<group>";
		};
		309413C71FACF73F00259792 /* Products */ = {
			isa = PBXGroup;
			children = (
				309413C61FACF73F00259792 /* AccountKitSample.app */,
				309413DA1FACF73F00259792 /* AccountKitSampleTests.xctest */,
				309413E51FACF73F00259792 /* AccountKitSampleUITests.xctest */,
			);
			name = Products;
			sourceTree = "<group>";
		};
		309413C81FACF73F00259792 /* AccountKitSample */ = {
			isa = PBXGroup;
			children = (
				309413C91FACF73F00259792 /* AppDelegate.swift */,
				309413CB1FACF73F00259792 /* ViewController.swift */,
				309413CD1FACF73F00259792 /* Main.storyboard */,
				309413D01FACF73F00259792 /* Assets.xcassets */,
				309413D21FACF73F00259792 /* LaunchScreen.storyboard */,
				309413D51FACF73F00259792 /* Info.plist */,
			);
			path = AccountKitSample;
			sourceTree = "<group>";
		};
		309413DD1FACF73F00259792 /* AccountKitSampleTests */ = {
			isa = PBXGroup;
			children = (
				309413DE1FACF73F00259792 /* AccountKitSampleTests.swift */,
				309413E01FACF73F00259792 /* Info.plist */,
			);
			path = AccountKitSampleTests;
			sourceTree = "<group>";
		};
		309413E81FACF73F00259792 /* AccountKitSampleUITests */ = {
			isa = PBXGroup;
			children = (
				309413E91FACF73F00259792 /* AccountKitSampleUITests.swift */,
				309413EB1FACF73F00259792 /* Info.plist */,
			);
			path = AccountKitSampleUITests;
			sourceTree = "<group>";
		};
		309413F71FAD01D500259792 /* Frameworks */ = {
			isa = PBXGroup;
			children = (
				309413FA1FAD030700259792 /* AccountKitStrings.bundle */,
				309413F81FAD02F000259792 /* AccountKit.framework */,
			);
			path = Frameworks;
			sourceTree = "<group>";
		};
/* End PBXGroup section */

/* Begin PBXNativeTarget section */
		309413C51FACF73F00259792 /* AccountKitSample */ = {
			isa = PBXNativeTarget;
			buildConfigurationList = 309413EE1FACF73F00259792 /* Build configuration list for PBXNativeTarget "AccountKitSample" */;
			buildPhases = (
				309413C21FACF73F00259792 /* Sources */,
				309413C31FACF73F00259792 /* Frameworks */,
				309413C41FACF73F00259792 /* Resources */,
			);
			buildRules = (
			);
			dependencies = (
			);
			name = AccountKitSample;
			productName = AccountKitSample;
			productReference = 309413C61FACF73F00259792 /* AccountKitSample.app */;
			productType = "com.apple.product-type.application";
		};
		309413D91FACF73F00259792 /* AccountKitSampleTests */ = {
			isa = PBXNativeTarget;
			buildConfigurationList = 309413F11FACF73F00259792 /* Build configuration list for PBXNativeTarget "AccountKitSampleTests" */;
			buildPhases = (
				309413D61FACF73F00259792 /* Sources */,
				309413D71FACF73F00259792 /* Frameworks */,
				309413D81FACF73F00259792 /* Resources */,
			);
			buildRules = (
			);
			dependencies = (
				309413DC1FACF73F00259792 /* PBXTargetDependency */,
			);
			name = AccountKitSampleTests;
			productName = AccountKitSampleTests;
			productReference = 309413DA1FACF73F00259792 /* AccountKitSampleTests.xctest */;
			productType = "com.apple.product-type.bundle.unit-test";
		};
		309413E41FACF73F00259792 /* AccountKitSampleUITests */ = {
			isa = PBXNativeTarget;
			buildConfigurationList = 309413F41FACF73F00259792 /* Build configuration list for PBXNativeTarget "AccountKitSampleUITests" */;
			buildPhases = (
				309413E11FACF73F00259792 /* Sources */,
				309413E21FACF73F00259792 /* Frameworks */,
				309413E31FACF73F00259792 /* Resources */,
			);
			buildRules = (
			);
			dependencies = (
				309413E71FACF73F00259792 /* PBXTargetDependency */,
			);
			name = AccountKitSampleUITests;
			productName = AccountKitSampleUITests;
			productReference = 309413E51FACF73F00259792 /* AccountKitSampleUITests.xctest */;
			productType = "com.apple.product-type.bundle.ui-testing";
		};
/* End PBXNativeTarget section */

/* Begin PBXProject section */
		309413BE1FACF73F00259792 /* Project object */ = {
			isa = PBXProject;
			attributes = {
				LastSwiftUpdateCheck = 0910;
				LastUpgradeCheck = 0910;
				ORGANIZATIONNAME = "Roman Salazar Lopez";
				TargetAttributes = {
					309413C51FACF73F00259792 = {
						CreatedOnToolsVersion = 9.1;
						ProvisioningStyle = Automatic;
					};
					309413D91FACF73F00259792 = {
						CreatedOnToolsVersion = 9.1;
						ProvisioningStyle = Automatic;
						TestTargetID = 309413C51FACF73F00259792;
					};
					309413E41FACF73F00259792 = {
						CreatedOnToolsVersion = 9.1;
						ProvisioningStyle = Automatic;
						TestTargetID = 309413C51FACF73F00259792;
					};
				};
			};
			buildConfigurationList = 309413C11FACF73F00259792 /* Build configuration list for PBXProject "AccountKitSample" */;
			compatibilityVersion = "Xcode 8.0";
			developmentRegion = en;
			hasScannedForEncodings = 0;
			knownRegions = (
				en,
				Base,
			);
			mainGroup = 309413BD1FACF73F00259792;
			productRefGroup = 309413C71FACF73F00259792 /* Products */;
			projectDirPath = "";
			projectRoot = "";
			targets = (
				309413C51FACF73F00259792 /* AccountKitSample */,
				309413D91FACF73F00259792 /* AccountKitSampleTests */,
				309413E41FACF73F00259792 /* AccountKitSampleUITests */,
			);
		};
/* End PBXProject section */

/* Begin PBXResourcesBuildPhase section */
		309413C41FACF73F00259792 /* Resources */ = {
			isa = PBXResourcesBuildPhase;
			buildActionMask = 2147483647;
			files = (
				309413D41FACF73F00259792 /* LaunchScreen.storyboard in Resources */,
				309413D11FACF73F00259792 /* Assets.xcassets in Resources */,
				309413CF1FACF73F00259792 /* Main.storyboard in Resources */,
				309413FB1FAD030700259792 /* AccountKitStrings.bundle in Resources */,
			);
			runOnlyForDeploymentPostprocessing = 0;
		};
		309413D81FACF73F00259792 /* Resources */ = {
			isa = PBXResourcesBuildPhase;
			buildActionMask = 2147483647;
			files = (
			);
			runOnlyForDeploymentPostprocessing = 0;
		};
		309413E31FACF73F00259792 /* Resources */ = {
			isa = PBXResourcesBuildPhase;
			buildActionMask = 2147483647;
			files = (
			);
			runOnlyForDeploymentPostprocessing = 0;
		};
/* End PBXResourcesBuildPhase section */

/* Begin PBXSourcesBuildPhase section */
		309413C21FACF73F00259792 /* Sources */ = {
			isa = PBXSourcesBuildPhase;
			buildActionMask = 2147483647;
			files = (
				309413CC1FACF73F00259792 /* ViewController.swift in Sources */,
				309413CA1FACF73F00259792 /* AppDelegate.swift in Sources */,
			);
			runOnlyForDeploymentPostprocessing = 0;
		};
		309413D61FACF73F00259792 /* Sources */ = {
			isa = PBXSourcesBuildPhase;
			buildActionMask = 2147483647;
			files = (
				309413DF1FACF73F00259792 /* AccountKitSampleTests.swift in Sources */,
			);
			runOnlyForDeploymentPostprocessing = 0;
		};
		309413E11FACF73F00259792 /* Sources */ = {
			isa = PBXSourcesBuildPhase;
			buildActionMask = 2147483647;
			files = (
				309413EA1FACF73F00259792 /* AccountKitSampleUITests.swift in Sources */,
			);
			runOnlyForDeploymentPostprocessing = 0;
		};
/* End PBXSourcesBuildPhase section */

/* Begin PBXTargetDependency section */
		309413DC1FACF73F00259792 /* PBXTargetDependency */ = {
			isa = PBXTargetDependency;
			target = 309413C51FACF73F00259792 /* AccountKitSample */;
			targetProxy = 309413DB1FACF73F00259792 /* PBXContainerItemProxy */;
		};
		309413E71FACF73F00259792 /* PBXTargetDependency */ = {
			isa = PBXTargetDependency;
			target = 309413C51FACF73F00259792 /* AccountKitSample */;
			targetProxy = 309413E61FACF73F00259792 /* PBXContainerItemProxy */;
		};
/* End PBXTargetDependency section */

/* Begin PBXVariantGroup section */
		309413CD1FACF73F00259792 /* Main.storyboard */ = {
			isa = PBXVariantGroup;
			children = (
				309413CE1FACF73F00259792 /* Base */,
			);
			name = Main.storyboard;
			sourceTree = "<group>";
		};
		309413D21FACF73F00259792 /* LaunchScreen.storyboard */ = {
			isa = PBXVariantGroup;
			children = (
				309413D31FACF73F00259792 /* Base */,
			);
			name = LaunchScreen.storyboard;
			sourceTree = "<group>";
		};
/* End PBXVariantGroup section */

/* Begin XCBuildConfiguration section */
		309413EC1FACF73F00259792 /* Debug */ = {
			isa = XCBuildConfiguration;
			buildSettings = {
				ALWAYS_SEARCH_USER_PATHS = NO;
				CLANG_ANALYZER_NONNULL = YES;
				CLANG_ANALYZER_NUMBER_OBJECT_CONVERSION = YES_AGGRESSIVE;
				CLANG_CXX_LANGUAGE_STANDARD = "gnu++14";
				CLANG_CXX_LIBRARY = "libc++";
				CLANG_ENABLE_MODULES = YES;
				CLANG_ENABLE_OBJC_ARC = YES;
				CLANG_WARN_BLOCK_CAPTURE_AUTORELEASING = YES;
				CLANG_WARN_BOOL_CONVERSION = YES;
				CLANG_WARN_COMMA = YES;
				CLANG_WARN_CONSTANT_CONVERSION = YES;
				CLANG_WARN_DIRECT_OBJC_ISA_USAGE = YES_ERROR;
				CLANG_WARN_DOCUMENTATION_COMMENTS = YES;
				CLANG_WARN_EMPTY_BODY = YES;
				CLANG_WARN_ENUM_CONVERSION = YES;
				CLANG_WARN_INFINITE_RECURSION = YES;
				CLANG_WARN_INT_CONVERSION = YES;
				CLANG_WARN_NON_LITERAL_NULL_CONVERSION = YES;
				CLANG_WARN_OBJC_LITERAL_CONVERSION = YES;
				CLANG_WARN_OBJC_ROOT_CLASS = YES_ERROR;
				CLANG_WARN_RANGE_LOOP_ANALYSIS = YES;
				CLANG_WARN_STRICT_PROTOTYPES = YES;
				CLANG_WARN_SUSPICIOUS_MOVE = YES;
				CLANG_WARN_UNGUARDED_AVAILABILITY = YES_AGGRESSIVE;
				CLANG_WARN_UNREACHABLE_CODE = YES;
				CLANG_WARN__DUPLICATE_METHOD_MATCH = YES;
				CODE_SIGN_IDENTITY = "iPhone Developer";
				COPY_PHASE_STRIP = NO;
				DEBUG_INFORMATION_FORMAT = dwarf;
				ENABLE_STRICT_OBJC_MSGSEND = YES;
				ENABLE_TESTABILITY = YES;
				GCC_C_LANGUAGE_STANDARD = gnu11;
				GCC_DYNAMIC_NO_PIC = NO;
				GCC_NO_COMMON_BLOCKS = YES;
				GCC_OPTIMIZATION_LEVEL = 0;
				GCC_PREPROCESSOR_DEFINITIONS = (
					"DEBUG=1",
					"$(inherited)",
				);
				GCC_WARN_64_TO_32_BIT_CONVERSION = YES;
				GCC_WARN_ABOUT_RETURN_TYPE = YES_ERROR;
				GCC_WARN_UNDECLARED_SELECTOR = YES;
				GCC_WARN_UNINITIALIZED_AUTOS = YES_AGGRESSIVE;
				GCC_WARN_UNUSED_FUNCTION = YES;
				GCC_WARN_UNUSED_VARIABLE = YES;
				IPHONEOS_DEPLOYMENT_TARGET = 11.1;
				MTL_ENABLE_DEBUG_INFO = YES;
				ONLY_ACTIVE_ARCH = YES;
				SDKROOT = iphoneos;
				SWIFT_ACTIVE_COMPILATION_CONDITIONS = DEBUG;
				SWIFT_OPTIMIZATION_LEVEL = "-Onone";
			};
			name = Debug;
		};
		309413ED1FACF73F00259792 /* Release */ = {
			isa = XCBuildConfiguration;
			buildSettings = {
				ALWAYS_SEARCH_USER_PATHS = NO;
				CLANG_ANALYZER_NONNULL = YES;
				CLANG_ANALYZER_NUMBER_OBJECT_CONVERSION = YES_AGGRESSIVE;
				CLANG_CXX_LANGUAGE_STANDARD = "gnu++14";
				CLANG_CXX_LIBRARY = "libc++";
				CLANG_ENABLE_MODULES = YES;
				CLANG_ENABLE_OBJC_ARC = YES;
				CLANG_WARN_BLOCK_CAPTURE_AUTORELEASING = YES;
				CLANG_WARN_BOOL_CONVERSION = YES;
				CLANG_WARN_COMMA = YES;
				CLANG_WARN_CONSTANT_CONVERSION = YES;
				CLANG_WARN_DIRECT_OBJC_ISA_USAGE = YES_ERROR;
				CLANG_WARN_DOCUMENTATION_COMMENTS = YES;
				CLANG_WARN_EMPTY_BODY = YES;
				CLANG_WARN_ENUM_CONVERSION = YES;
				CLANG_WARN_INFINITE_RECURSION = YES;
				CLANG_WARN_INT_CONVERSION = YES;
				CLANG_WARN_NON_LITERAL_NULL_CONVERSION = YES;
				CLANG_WARN_OBJC_LITERAL_CONVERSION = YES;
				CLANG_WARN_OBJC_ROOT_CLASS = YES_ERROR;
				CLANG_WARN_RANGE_LOOP_ANALYSIS = YES;
				CLANG_WARN_STRICT_PROTOTYPES = YES;
				CLANG_WARN_SUSPICIOUS_MOVE = YES;
				CLANG_WARN_UNGUARDED_AVAILABILITY = YES_AGGRESSIVE;
				CLANG_WARN_UNREACHABLE_CODE = YES;
				CLANG_WARN__DUPLICATE_METHOD_MATCH = YES;
				CODE_SIGN_IDENTITY = "iPhone Developer";
				COPY_PHASE_STRIP = NO;
				DEBUG_INFORMATION_FORMAT = "dwarf-with-dsym";
				ENABLE_NS_ASSERTIONS = NO;
				ENABLE_STRICT_OBJC_MSGSEND = YES;
				GCC_C_LANGUAGE_STANDARD = gnu11;
				GCC_NO_COMMON_BLOCKS = YES;
				GCC_WARN_64_TO_32_BIT_CONVERSION = YES;
				GCC_WARN_ABOUT_RETURN_TYPE = YES_ERROR;
				GCC_WARN_UNDECLARED_SELECTOR = YES;
				GCC_WARN_UNINITIALIZED_AUTOS = YES_AGGRESSIVE;
				GCC_WARN_UNUSED_FUNCTION = YES;
				GCC_WARN_UNUSED_VARIABLE = YES;
				IPHONEOS_DEPLOYMENT_TARGET = 11.1;
				MTL_ENABLE_DEBUG_INFO = NO;
				SDKROOT = iphoneos;
				SWIFT_OPTIMIZATION_LEVEL = "-Owholemodule";
				VALIDATE_PRODUCT = YES;
			};
			name = Release;
		};
		309413EF1FACF73F00259792 /* Debug */ = {
			isa = XCBuildConfiguration;
			buildSettings = {
				ASSETCATALOG_COMPILER_APPICON_NAME = AppIcon;
				CODE_SIGN_STYLE = Automatic;
				DEVELOPMENT_TEAM = 9KY7XN9N45;
				FRAMEWORK_SEARCH_PATHS = (
					"$(inherited)",
					"$(PROJECT_DIR)/Frameworks",
				);
				INFOPLIST_FILE = AccountKitSample/Info.plist;
				LD_RUNPATH_SEARCH_PATHS = "$(inherited) @executable_path/Frameworks";
				PRODUCT_BUNDLE_IDENTIFIER = com.romansalazar.AccountKitSample;
				PRODUCT_NAME = "$(TARGET_NAME)";
				SWIFT_VERSION = 4.0;
				TARGETED_DEVICE_FAMILY = "1,2";
			};
			name = Debug;
		};
		309413F01FACF73F00259792 /* Release */ = {
			isa = XCBuildConfiguration;
			buildSettings = {
				ASSETCATALOG_COMPILER_APPICON_NAME = AppIcon;
				CODE_SIGN_STYLE = Automatic;
				DEVELOPMENT_TEAM = 9KY7XN9N45;
				FRAMEWORK_SEARCH_PATHS = (
					"$(inherited)",
					"$(PROJECT_DIR)/Frameworks",
				);
				INFOPLIST_FILE = AccountKitSample/Info.plist;
				LD_RUNPATH_SEARCH_PATHS = "$(inherited) @executable_path/Frameworks";
				PRODUCT_BUNDLE_IDENTIFIER = com.romansalazar.AccountKitSample;
				PRODUCT_NAME = "$(TARGET_NAME)";
				SWIFT_VERSION = 4.0;
				TARGETED_DEVICE_FAMILY = "1,2";
			};
			name = Release;
		};
		309413F21FACF73F00259792 /* Debug */ = {
			isa = XCBuildConfiguration;
			buildSettings = {
				ALWAYS_EMBED_SWIFT_STANDARD_LIBRARIES = YES;
				BUNDLE_LOADER = "$(TEST_HOST)";
				CODE_SIGN_STYLE = Automatic;
				DEVELOPMENT_TEAM = 9KY7XN9N45;
				INFOPLIST_FILE = AccountKitSampleTests/Info.plist;
				LD_RUNPATH_SEARCH_PATHS = "$(inherited) @executable_path/Frameworks @loader_path/Frameworks";
				PRODUCT_BUNDLE_IDENTIFIER = com.romansalazar.AccountKitSampleTests;
				PRODUCT_NAME = "$(TARGET_NAME)";
				SWIFT_VERSION = 4.0;
				TARGETED_DEVICE_FAMILY = "1,2";
				TEST_HOST = "$(BUILT_PRODUCTS_DIR)/AccountKitSample.app/AccountKitSample";
			};
			name = Debug;
		};
		309413F31FACF73F00259792 /* Release */ = {
			isa = XCBuildConfiguration;
			buildSettings = {
				ALWAYS_EMBED_SWIFT_STANDARD_LIBRARIES = YES;
				BUNDLE_LOADER = "$(TEST_HOST)";
				CODE_SIGN_STYLE = Automatic;
				DEVELOPMENT_TEAM = 9KY7XN9N45;
				INFOPLIST_FILE = AccountKitSampleTests/Info.plist;
				LD_RUNPATH_SEARCH_PATHS = "$(inherited) @executable_path/Frameworks @loader_path/Frameworks";
				PRODUCT_BUNDLE_IDENTIFIER = com.romansalazar.AccountKitSampleTests;
				PRODUCT_NAME = "$(TARGET_NAME)";
				SWIFT_VERSION = 4.0;
				TARGETED_DEVICE_FAMILY = "1,2";
				TEST_HOST = "$(BUILT_PRODUCTS_DIR)/AccountKitSample.app/AccountKitSample";
			};
			name = Release;
		};
		309413F51FACF73F00259792 /* Debug */ = {
			isa = XCBuildConfiguration;
			buildSettings = {
				ALWAYS_EMBED_SWIFT_STANDARD_LIBRARIES = YES;
				CODE_SIGN_STYLE = Automatic;
				DEVELOPMENT_TEAM = 9KY7XN9N45;
				INFOPLIST_FILE = AccountKitSampleUITests/Info.plist;
				LD_RUNPATH_SEARCH_PATHS = "$(inherited) @executable_path/Frameworks @loader_path/Frameworks";
				PRODUCT_BUNDLE_IDENTIFIER = com.romansalazar.AccountKitSampleUITests;
				PRODUCT_NAME = "$(TARGET_NAME)";
				SWIFT_VERSION = 4.0;
				TARGETED_DEVICE_FAMILY = "1,2";
				TEST_TARGET_NAME = AccountKitSample;
			};
			name = Debug;
		};
		309413F61FACF73F00259792 /* Release */ = {
			isa = XCBuildConfiguration;
			buildSettings = {
				ALWAYS_EMBED_SWIFT_STANDARD_LIBRARIES = YES;
				CODE_SIGN_STYLE = Automatic;
				DEVELOPMENT_TEAM = 9KY7XN9N45;
				INFOPLIST_FILE = AccountKitSampleUITests/Info.plist;
				LD_RUNPATH_SEARCH_PATHS = "$(inherited) @executable_path/Frameworks @loader_path/Frameworks";
				PRODUCT_BUNDLE_IDENTIFIER = com.romansalazar.AccountKitSampleUITests;
				PRODUCT_NAME = "$(TARGET_NAME)";
				SWIFT_VERSION = 4.0;
				TARGETED_DEVICE_FAMILY = "1,2";
				TEST_TARGET_NAME = AccountKitSample;
			};
			name = Release;
		};
/* End XCBuildConfiguration section */

/* Begin XCConfigurationList section */
		309413C11FACF73F00259792 /* Build configuration list for PBXProject "AccountKitSample" */ = {
			isa = XCConfigurationList;
			buildConfigurations = (
				309413EC1FACF73F00259792 /* Debug */,
				309413ED1FACF73F00259792 /* Release */,
			);
			defaultConfigurationIsVisible = 0;
			defaultConfigurationName = Release;
		};
		309413EE1FACF73F00259792 /* Build configuration list for PBXNativeTarget "AccountKitSample" */ = {
			isa = XCConfigurationList;
			buildConfigurations = (
				309413EF1FACF73F00259792 /* Debug */,
				309413F01FACF73F00259792 /* Release */,
			);
			defaultConfigurationIsVisible = 0;
			defaultConfigurationName = Release;
		};
		309413F11FACF73F00259792 /* Build configuration list for PBXNativeTarget "AccountKitSampleTests" */ = {
			isa = XCConfigurationList;
			buildConfigurations = (
				309413F21FACF73F00259792 /* Debug */,
				309413F31FACF73F00259792 /* Release */,
			);
			defaultConfigurationIsVisible = 0;
			defaultConfigurationName = Release;
		};
		309413F41FACF73F00259792 /* Build configuration list for PBXNativeTarget "AccountKitSampleUITests" */ = {
			isa = XCConfigurationList;
			buildConfigurations = (
				309413F51FACF73F00259792 /* Debug */,
				309413F61FACF73F00259792 /* Release */,
			);
			defaultConfigurationIsVisible = 0;
			defaultConfigurationName = Release;
		};
/* End XCConfigurationList section */
	};
	rootObject = 309413BE1FACF73F00259792 /* Project object */;
}
